
Microsoft Visual Studio Solution File, Format Version 12.00
# Visual Studio 14
VisualStudioVersion = 14.0.25420.1
MinimumVisualStudioVersion = 10.0.40219.1
Project("{911E67C6-3D85-4FCE-B560-20A9C3E3FF48}") = "WindowsPhonePowerTools", "WindowsPhonePowerTools.exe", "{B8BD4C6D-6039-47FF-840C-EA2A83A3F811}"
	ProjectSection(DebuggerProjectSystem) = preProject
		PortSupplier = 00000000-0000-0000-0000-000000000000
		Executable = C:\Users\James Ferrell\AppData\Local\Apps\2.0\RGMAO3KZ.0XQ\1CWP1WC1.QLN\wind..tion_0000000000000000_0002.0051_70135ec3978ac680\WindowsPhonePowerTools.exe
		RemoteMachine = DESKTOP-5CATLKF
		StartingDirectory = C:\Users\James Ferrell\AppData\Local\Apps\2.0\RGMAO3KZ.0XQ\1CWP1WC1.QLN\wind..tion_0000000000000000_0002.0051_70135ec3978ac680
		Environment = Default
		LaunchingEngine = 00000000-0000-0000-0000-000000000000
		UseLegacyDebugEngines = No
		LaunchSQLEngine = No
		AttachLaunchAction = No
	EndProjectSection
EndProject
Global
	GlobalSection(SolutionConfigurationPlatforms) = preSolution
		Release|x86 = Release|x86
	EndGlobalSection
	GlobalSection(ProjectConfigurationPlatforms) = postSolution
		{B8BD4C6D-6039-47FF-840C-EA2A83A3F811}.Release|x86.ActiveCfg = Release|x86
	EndGlobalSection
	GlobalSection(SolutionProperties) = preSolution
		HideSolutionNode = FALSE
	EndGlobalSection
EndGlobal
